
Microsoft Visual Studio Solution File, Format Version 12.00
# Visual Studio Version 17
VisualStudioVersion = 17.8.34330.188
MinimumVisualStudioVersion = 10.0.40219.1
Project("{FAE04EC0-301F-11D3-BF4B-00C04F79EFBC}") = "NumberGuessing", "NumberGuessing.csproj", "{ADCAFB18-9E65-426D-A4DF-17488FC23DEA}"
EndProject
Global
	GlobalSection(SolutionConfigurationPlatforms) = preSolution
		Debug|Any CPU = Debug|Any CPU
		Release|Any CPU = Release|Any CPU
	EndGlobalSection
	GlobalSection(ProjectConfigurationPlatforms) = postSolution
		{ADCAFB18-9E65-426D-A4DF-17488FC23DEA}.Debug|Any CPU.ActiveCfg = Debug|Any CPU
		{ADCAFB18-9E65-426D-A4DF-17488FC23DEA}.Debug|Any CPU.Build.0 = Debug|Any CPU
		{ADCAFB18-9E65-426D-A4DF-17488FC23DEA}.Release|Any CPU.ActiveCfg = Release|Any CPU
		{ADCAFB18-9E65-426D-A4DF-17488FC23DEA}.Release|Any CPU.Build.0 = Release|Any CPU
	EndGlobalSection
	GlobalSection(SolutionProperties) = preSolution
		HideSolutionNode = FALSE
	EndGlobalSection
	GlobalSection(ExtensibilityGlobals) = postSolution
		SolutionGuid = {3C7418DB-81C0-47A9-AFC9-638BE1531946}
	EndGlobalSection
EndGlobal
